
Microsoft Visual Studio Solution File, Format Version 12.00
# Visual Studio Version 16
VisualStudioVersion = 16.0.30717.126
MinimumVisualStudioVersion = 10.0.40219.1
Project("{FAE04EC0-301F-11D3-BF4B-00C04F79EFBC}") = "FunctionalProgramming", "FunctionalProgramming.csproj", "{22C42E78-9048-4BCE-AB05-6ADA21FB5C8A}"
EndProject
Global
	GlobalSection(SolutionConfigurationPlatforms) = preSolution
		Debug|Any CPU = Debug|Any CPU
		Release|Any CPU = Release|Any CPU
	EndGlobalSection
	GlobalSection(ProjectConfigurationPlatforms) = postSolution
		{22C42E78-9048-4BCE-AB05-6ADA21FB5C8A}.Debug|Any CPU.ActiveCfg = Debug|Any CPU
		{22C42E78-9048-4BCE-AB05-6ADA21FB5C8A}.Debug|Any CPU.Build.0 = Debug|Any CPU
		{22C42E78-9048-4BCE-AB05-6ADA21FB5C8A}.Release|Any CPU.ActiveCfg = Release|Any CPU
		{22C42E78-9048-4BCE-AB05-6ADA21FB5C8A}.Release|Any CPU.Build.0 = Release|Any CPU
	EndGlobalSection
	GlobalSection(SolutionProperties) = preSolution
		HideSolutionNode = FALSE
	EndGlobalSection
	GlobalSection(ExtensibilityGlobals) = postSolution
		SolutionGuid = {97AC6268-B17E-4930-9E42-74870691248D}
	EndGlobalSection
EndGlobal
